
Microsoft Visual Studio Solution File, Format Version 12.00
# Visual Studio Version 17
VisualStudioVersion = 17.2.32526.322
MinimumVisualStudioVersion = 10.0.40219.1
Project("{FAE04EC0-301F-11D3-BF4B-00C04F79EFBC}") = "Mandelbrot-2022", "Mandelbrot-2022\Mandelbrot-2022.csproj", "{B8F5B4D1-4BB3-4852-BE73-3C6073107198}"
EndProject
Global
	GlobalSection(SolutionConfigurationPlatforms) = preSolution
		Debug|Any CPU = Debug|Any CPU
		Release|Any CPU = Release|Any CPU
	EndGlobalSection
	GlobalSection(ProjectConfigurationPlatforms) = postSolution
		{B8F5B4D1-4BB3-4852-BE73-3C6073107198}.Debug|Any CPU.ActiveCfg = Debug|Any CPU
		{B8F5B4D1-4BB3-4852-BE73-3C6073107198}.Debug|Any CPU.Build.0 = Debug|Any CPU
		{B8F5B4D1-4BB3-4852-BE73-3C6073107198}.Release|Any CPU.ActiveCfg = Release|Any CPU
		{B8F5B4D1-4BB3-4852-BE73-3C6073107198}.Release|Any CPU.Build.0 = Release|Any CPU
	EndGlobalSection
	GlobalSection(SolutionProperties) = preSolution
		HideSolutionNode = FALSE
	EndGlobalSection
	GlobalSection(ExtensibilityGlobals) = postSolution
		SolutionGuid = {E4509C78-DA44-41E5-9B0F-2C5F139929A2}
	EndGlobalSection
EndGlobal
